// !$*UTF8*$!
{
	archiveVersion = 1;
	classes = {
	};
	objectVersion = 50;
	objects = {

/* Begin PBXBuildFile section */
		1C346556268B494500362B28 /* bullet.cpp in Sources */ = {isa = PBXBuildFile; fileRef = 1C34654C268B494400362B28 /* bullet.cpp */; };
		1C346557268B494500362B28 /* simulation.cpp in Sources */ = {isa = PBXBuildFile; fileRef = 1C34654E268B494400362B28 /* simulation.cpp */; };
		1C346558268B494500362B28 /* game_def.cpp in Sources */ = {isa = PBXBuildFile; fileRef = 1C34654F268B494400362B28 /* game_def.cpp */; };
		1C34655C268B5C2F00362B28 /* SDL2_image.framework in Frameworks */ = {isa = PBXBuildFile; fileRef = 1C34655B268B5C2F00362B28 /* SDL2_image.framework */; };
		1CC3893D268E2AB000612FFA /* sound_manager.cpp in Sources */ = {isa = PBXBuildFile; fileRef = 1CC3893B268E2AB000612FFA /* sound_manager.cpp */; };
		B67E867D2682A21000852A8A /* main.cpp in Sources */ = {isa = PBXBuildFile; fileRef = B67E867C2682A21000852A8A /* main.cpp */; };
		B67E86852682A29500852A8A /* SDL2.framework in Frameworks */ = {isa = PBXBuildFile; fileRef = B67E86842682A29500852A8A /* SDL2.framework */; };
		B67E86B026A41A5800852A8A /* game.cpp in Sources */ = {isa = PBXBuildFile; fileRef = B67E86AE26A41A5800852A8A /* game.cpp */; };
		B67E86B326A4765300852A8A /* font.cpp in Sources */ = {isa = PBXBuildFile; fileRef = B67E86B126A4765300852A8A /* font.cpp */; };
/* End PBXBuildFile section */

/* Begin PBXCopyFilesBuildPhase section */
		B67E86772682A21000852A8A /* CopyFiles */ = {
			isa = PBXCopyFilesBuildPhase;
			buildActionMask = 2147483647;
			dstPath = /usr/share/man/man1/;
			dstSubfolderSpec = 0;
			files = (
			);
			runOnlyForDeploymentPostprocessing = 1;
		};
		B67E86872682A29500852A8A /* Embed Frameworks */ = {
			isa = PBXCopyFilesBuildPhase;
			buildActionMask = 2147483647;
			dstPath = "";
			dstSubfolderSpec = 10;
			files = (
			);
			name = "Embed Frameworks";
			runOnlyForDeploymentPostprocessing = 0;
		};
/* End PBXCopyFilesBuildPhase section */

/* Begin PBXFileReference section */
		1C34654A268B494400362B28 /* base.hpp */ = {isa = PBXFileReference; fileEncoding = 4; lastKnownFileType = sourcecode.cpp.h; path = base.hpp; sourceTree = "<group>"; };
		1C34654B268B494400362B28 /* sprite.hpp */ = {isa = PBXFileReference; fileEncoding = 4; lastKnownFileType = sourcecode.cpp.h; path = sprite.hpp; sourceTree = "<group>"; };
		1C34654C268B494400362B28 /* bullet.cpp */ = {isa = PBXFileReference; fileEncoding = 4; lastKnownFileType = sourcecode.cpp.cpp; path = bullet.cpp; sourceTree = "<group>"; };
		1C34654D268B494400362B28 /* simulation.hpp */ = {isa = PBXFileReference; fileEncoding = 4; lastKnownFileType = sourcecode.cpp.h; path = simulation.hpp; sourceTree = "<group>"; };
		1C34654E268B494400362B28 /* simulation.cpp */ = {isa = PBXFileReference; fileEncoding = 4; lastKnownFileType = sourcecode.cpp.cpp; path = simulation.cpp; sourceTree = "<group>"; };
		1C34654F268B494400362B28 /* game_def.cpp */ = {isa = PBXFileReference; fileEncoding = 4; lastKnownFileType = sourcecode.cpp.cpp; path = game_def.cpp; sourceTree = "<group>"; };
		1C346550268B494400362B28 /* game_def.hpp */ = {isa = PBXFileReference; fileEncoding = 4; lastKnownFileType = sourcecode.cpp.h; path = game_def.hpp; sourceTree = "<group>"; };
		1C346551268B494400362B28 /* mob.hpp */ = {isa = PBXFileReference; fileEncoding = 4; lastKnownFileType = sourcecode.cpp.h; path = mob.hpp; sourceTree = "<group>"; };
		1C346552268B494400362B28 /* core.hpp */ = {isa = PBXFileReference; fileEncoding = 4; lastKnownFileType = sourcecode.cpp.h; path = core.hpp; sourceTree = "<group>"; };
		1C346553268B494400362B28 /* bullet.hpp */ = {isa = PBXFileReference; fileEncoding = 4; lastKnownFileType = sourcecode.cpp.h; path = bullet.hpp; sourceTree = "<group>"; };
		1C346554268B494500362B28 /* tower.hpp */ = {isa = PBXFileReference; fileEncoding = 4; lastKnownFileType = sourcecode.cpp.h; path = tower.hpp; sourceTree = "<group>"; };
		1C346555268B494500362B28 /* path.hpp */ = {isa = PBXFileReference; fileEncoding = 4; lastKnownFileType = sourcecode.cpp.h; path = path.hpp; sourceTree = "<group>"; };
		1C34655B268B5C2F00362B28 /* SDL2_image.framework */ = {isa = PBXFileReference; lastKnownFileType = wrapper.framework; name = SDL2_image.framework; path = ../../../Library/Frameworks/SDL2_image.framework; sourceTree = "<group>"; };
		1CC3893B268E2AB000612FFA /* sound_manager.cpp */ = {isa = PBXFileReference; lastKnownFileType = sourcecode.cpp.cpp; path = sound_manager.cpp; sourceTree = "<group>"; };
		1CC3893C268E2AB000612FFA /* sound_manager.hpp */ = {isa = PBXFileReference; lastKnownFileType = sourcecode.cpp.h; path = sound_manager.hpp; sourceTree = "<group>"; };
		B67E86792682A21000852A8A /* TowerMac */ = {isa = PBXFileReference; explicitFileType = "compiled.mach-o.executable"; includeInIndex = 0; path = TowerMac; sourceTree = BUILT_PRODUCTS_DIR; };
		B67E867C2682A21000852A8A /* main.cpp */ = {isa = PBXFileReference; lastKnownFileType = sourcecode.cpp.cpp; path = main.cpp; sourceTree = "<group>"; };
		B67E86842682A29500852A8A /* SDL2.framework */ = {isa = PBXFileReference; lastKnownFileType = wrapper.framework; name = SDL2.framework; path = ../../../../Library/Frameworks/SDL2.framework; sourceTree = "<group>"; };
		B67E86AA269C673700852A8A /* assets */ = {isa = PBXFileReference; lastKnownFileType = folder; path = assets; sourceTree = "<group>"; };
		B67E86AC26A07EA300852A8A /* README.md */ = {isa = PBXFileReference; lastKnownFileType = net.daringfireball.markdown; path = README.md; sourceTree = SOURCE_ROOT; };
		B67E86AD26A419FC00852A8A /* TODO.md */ = {isa = PBXFileReference; lastKnownFileType = net.daringfireball.markdown; path = TODO.md; sourceTree = SOURCE_ROOT; };
		B67E86AE26A41A5800852A8A /* game.cpp */ = {isa = PBXFileReference; lastKnownFileType = sourcecode.cpp.cpp; path = game.cpp; sourceTree = "<group>"; };
		B67E86AF26A41A5800852A8A /* game.hpp */ = {isa = PBXFileReference; lastKnownFileType = sourcecode.cpp.h; path = game.hpp; sourceTree = "<group>"; };
		B67E86B126A4765300852A8A /* font.cpp */ = {isa = PBXFileReference; lastKnownFileType = sourcecode.cpp.cpp; path = font.cpp; sourceTree = "<group>"; };
		B67E86B226A4765300852A8A /* font.hpp */ = {isa = PBXFileReference; lastKnownFileType = sourcecode.cpp.h; path = font.hpp; sourceTree = "<group>"; };
/* End PBXFileReference section */

/* Begin PBXFrameworksBuildPhase section */
		B67E86762682A21000852A8A /* Frameworks */ = {
			isa = PBXFrameworksBuildPhase;
			buildActionMask = 2147483647;
			files = (
				B67E86852682A29500852A8A /* SDL2.framework in Frameworks */,
				1C34655C268B5C2F00362B28 /* SDL2_image.framework in Frameworks */,
			);
			runOnlyForDeploymentPostprocessing = 0;
		};
/* End PBXFrameworksBuildPhase section */

/* Begin PBXGroup section */
		B67E86702682A21000852A8A = {
			isa = PBXGroup;
			children = (
				B67E867B2682A21000852A8A /* TowerMac */,
				B67E867A2682A21000852A8A /* Products */,
				B67E86832682A29500852A8A /* Frameworks */,
			);
			sourceTree = "<group>";
		};
		B67E867A2682A21000852A8A /* Products */ = {
			isa = PBXGroup;
			children = (
				B67E86792682A21000852A8A /* TowerMac */,
			);
			name = Products;
			sourceTree = "<group>";
		};
		B67E867B2682A21000852A8A /* TowerMac */ = {
			isa = PBXGroup;
			children = (
				B67E86AC26A07EA300852A8A /* README.md */,
				B67E86AD26A419FC00852A8A /* TODO.md */,
				B67E86AA269C673700852A8A /* assets */,
				1C34654A268B494400362B28 /* base.hpp */,
				B67E86B126A4765300852A8A /* font.cpp */,
				B67E86B226A4765300852A8A /* font.hpp */,
				B67E86AE26A41A5800852A8A /* game.cpp */,
				B67E86AF26A41A5800852A8A /* game.hpp */,
				1C34654C268B494400362B28 /* bullet.cpp */,
				1C346553268B494400362B28 /* bullet.hpp */,
				1C346552268B494400362B28 /* core.hpp */,
				1C34654F268B494400362B28 /* game_def.cpp */,
				1C346550268B494400362B28 /* game_def.hpp */,
				1C346551268B494400362B28 /* mob.hpp */,
				1C346555268B494500362B28 /* path.hpp */,
				1C34654E268B494400362B28 /* simulation.cpp */,
				1C34654D268B494400362B28 /* simulation.hpp */,
				1C34654B268B494400362B28 /* sprite.hpp */,
				1C346554268B494500362B28 /* tower.hpp */,
				B67E867C2682A21000852A8A /* main.cpp */,
				1CC3893B268E2AB000612FFA /* sound_manager.cpp */,
				1CC3893C268E2AB000612FFA /* sound_manager.hpp */,
			);
			path = TowerMac;
			sourceTree = "<group>";
		};
		B67E86832682A29500852A8A /* Frameworks */ = {
			isa = PBXGroup;
			children = (
				1C34655B268B5C2F00362B28 /* SDL2_image.framework */,
				B67E86842682A29500852A8A /* SDL2.framework */,
			);
			name = Frameworks;
			sourceTree = "<group>";
		};
/* End PBXGroup section */

/* Begin PBXNativeTarget section */
		B67E86782682A21000852A8A /* TowerMac */ = {
			isa = PBXNativeTarget;
			buildConfigurationList = B67E86802682A21000852A8A /* Build configuration list for PBXNativeTarget "TowerMac" */;
			buildPhases = (
				B67E86752682A21000852A8A /* Sources */,
				B67E86762682A21000852A8A /* Frameworks */,
				B67E86772682A21000852A8A /* CopyFiles */,
				B67E86872682A29500852A8A /* Embed Frameworks */,
			);
			buildRules = (
			);
			dependencies = (
			);
			name = TowerMac;
			productName = TowerMac;
			productReference = B67E86792682A21000852A8A /* TowerMac */;
			productType = "com.apple.product-type.tool";
		};
/* End PBXNativeTarget section */

/* Begin PBXProject section */
		B67E86712682A21000852A8A /* Project object */ = {
			isa = PBXProject;
			attributes = {
				LastUpgradeCheck = 1250;
				TargetAttributes = {
					B67E86782682A21000852A8A = {
						CreatedOnToolsVersion = 12.5;
					};
				};
			};
			buildConfigurationList = B67E86742682A21000852A8A /* Build configuration list for PBXProject "TowerMac" */;
			compatibilityVersion = "Xcode 9.3";
			developmentRegion = en;
			hasScannedForEncodings = 0;
			knownRegions = (
				en,
				Base,
			);
			mainGroup = B67E86702682A21000852A8A;
			productRefGroup = B67E867A2682A21000852A8A /* Products */;
			projectDirPath = "";
			projectRoot = "";
			targets = (
				B67E86782682A21000852A8A /* TowerMac */,
			);
		};
/* End PBXProject section */

/* Begin PBXSourcesBuildPhase section */
		B67E86752682A21000852A8A /* Sources */ = {
			isa = PBXSourcesBuildPhase;
			buildActionMask = 2147483647;
			files = (
				B67E867D2682A21000852A8A /* main.cpp in Sources */,
				1C346558268B494500362B28 /* game_def.cpp in Sources */,
				B67E86B326A4765300852A8A /* font.cpp in Sources */,
				1C346556268B494500362B28 /* bullet.cpp in Sources */,
				1C346557268B494500362B28 /* simulation.cpp in Sources */,
				1CC3893D268E2AB000612FFA /* sound_manager.cpp in Sources */,
				B67E86B026A41A5800852A8A /* game.cpp in Sources */,
			);
			runOnlyForDeploymentPostprocessing = 0;
		};
/* End PBXSourcesBuildPhase section */

/* Begin XCBuildConfiguration section */
		B67E867E2682A21000852A8A /* Debug */ = {
			isa = XCBuildConfiguration;
			buildSettings = {
				ALWAYS_SEARCH_USER_PATHS = NO;
				CLANG_ANALYZER_NONNULL = YES;
				CLANG_ANALYZER_NUMBER_OBJECT_CONVERSION = YES_AGGRESSIVE;
				CLANG_CXX_LANGUAGE_STANDARD = "c++17";
				CLANG_CXX_LIBRARY = "libc++";
				CLANG_ENABLE_MODULES = YES;
				CLANG_ENABLE_OBJC_ARC = YES;
				CLANG_ENABLE_OBJC_WEAK = YES;
				CLANG_WARN_BLOCK_CAPTURE_AUTORELEASING = YES;
				CLANG_WARN_BOOL_CONVERSION = YES;
				CLANG_WARN_COMMA = YES;
				CLANG_WARN_CONSTANT_CONVERSION = YES;
				CLANG_WARN_DEPRECATED_OBJC_IMPLEMENTATIONS = YES;
				CLANG_WARN_DIRECT_OBJC_ISA_USAGE = YES_ERROR;
				CLANG_WARN_DOCUMENTATION_COMMENTS = YES;
				CLANG_WARN_EMPTY_BODY = YES;
				CLANG_WARN_ENUM_CONVERSION = YES;
				CLANG_WARN_INFINITE_RECURSION = YES;
				CLANG_WARN_INT_CONVERSION = YES;
				CLANG_WARN_NON_LITERAL_NULL_CONVERSION = YES;
				CLANG_WARN_OBJC_IMPLICIT_RETAIN_SELF = YES;
				CLANG_WARN_OBJC_LITERAL_CONVERSION = YES;
				CLANG_WARN_OBJC_ROOT_CLASS = YES_ERROR;
				CLANG_WARN_QUOTED_INCLUDE_IN_FRAMEWORK_HEADER = YES;
				CLANG_WARN_RANGE_LOOP_ANALYSIS = YES;
				CLANG_WARN_STRICT_PROTOTYPES = YES;
				CLANG_WARN_SUSPICIOUS_MOVE = YES;
				CLANG_WARN_UNGUARDED_AVAILABILITY = YES_AGGRESSIVE;
				CLANG_WARN_UNREACHABLE_CODE = YES;
				CLANG_WARN__DUPLICATE_METHOD_MATCH = YES;
				COPY_PHASE_STRIP = NO;
				DEBUG_INFORMATION_FORMAT = dwarf;
				ENABLE_STRICT_OBJC_MSGSEND = YES;
				ENABLE_TESTABILITY = YES;
				GCC_C_LANGUAGE_STANDARD = gnu11;
				GCC_DYNAMIC_NO_PIC = NO;
				GCC_NO_COMMON_BLOCKS = YES;
				GCC_OPTIMIZATION_LEVEL = 0;
				GCC_PREPROCESSOR_DEFINITIONS = (
					"DEBUG=1",
					"$(inherited)",
				);
				GCC_WARN_64_TO_32_BIT_CONVERSION = YES;
				GCC_WARN_ABOUT_RETURN_TYPE = YES_ERROR;
				GCC_WARN_UNDECLARED_SELECTOR = YES;
				GCC_WARN_UNINITIALIZED_AUTOS = YES_AGGRESSIVE;
				GCC_WARN_UNUSED_FUNCTION = YES;
				GCC_WARN_UNUSED_VARIABLE = YES;
				MACOSX_DEPLOYMENT_TARGET = 11.3;
				MTL_ENABLE_DEBUG_INFO = INCLUDE_SOURCE;
				MTL_FAST_MATH = YES;
				ONLY_ACTIVE_ARCH = YES;
				SDKROOT = macosx;
			};
			name = Debug;
		};
		B67E867F2682A21000852A8A /* Release */ = {
			isa = XCBuildConfiguration;
			buildSettings = {
				ALWAYS_SEARCH_USER_PATHS = NO;
				CLANG_ANALYZER_NONNULL = YES;
				CLANG_ANALYZER_NUMBER_OBJECT_CONVERSION = YES_AGGRESSIVE;
				CLANG_CXX_LANGUAGE_STANDARD = "c++17";
				CLANG_CXX_LIBRARY = "libc++";
				CLANG_ENABLE_MODULES = YES;
				CLANG_ENABLE_OBJC_ARC = YES;
				CLANG_ENABLE_OBJC_WEAK = YES;
				CLANG_WARN_BLOCK_CAPTURE_AUTORELEASING = YES;
				CLANG_WARN_BOOL_CONVERSION = YES;
				CLANG_WARN_COMMA = YES;
				CLANG_WARN_CONSTANT_CONVERSION = YES;
				CLANG_WARN_DEPRECATED_OBJC_IMPLEMENTATIONS = YES;
				CLANG_WARN_DIRECT_OBJC_ISA_USAGE = YES_ERROR;
				CLANG_WARN_DOCUMENTATION_COMMENTS = YES;
				CLANG_WARN_EMPTY_BODY = YES;
				CLANG_WARN_ENUM_CONVERSION = YES;
				CLANG_WARN_INFINITE_RECURSION = YES;
				CLANG_WARN_INT_CONVERSION = YES;
				CLANG_WARN_NON_LITERAL_NULL_CONVERSION = YES;
				CLANG_WARN_OBJC_IMPLICIT_RETAIN_SELF = YES;
				CLANG_WARN_OBJC_LITERAL_CONVERSION = YES;
				CLANG_WARN_OBJC_ROOT_CLASS = YES_ERROR;
				CLANG_WARN_QUOTED_INCLUDE_IN_FRAMEWORK_HEADER = YES;
				CLANG_WARN_RANGE_LOOP_ANALYSIS = YES;
				CLANG_WARN_STRICT_PROTOTYPES = YES;
				CLANG_WARN_SUSPICIOUS_MOVE = YES;
				CLANG_WARN_UNGUARDED_AVAILABILITY = YES_AGGRESSIVE;
				CLANG_WARN_UNREACHABLE_CODE = YES;
				CLANG_WARN__DUPLICATE_METHOD_MATCH = YES;
				COPY_PHASE_STRIP = NO;
				DEBUG_INFORMATION_FORMAT = "dwarf-with-dsym";
				ENABLE_NS_ASSERTIONS = NO;
				ENABLE_STRICT_OBJC_MSGSEND = YES;
				GCC_C_LANGUAGE_STANDARD = gnu11;
				GCC_NO_COMMON_BLOCKS = YES;
				GCC_WARN_64_TO_32_BIT_CONVERSION = YES;
				GCC_WARN_ABOUT_RETURN_TYPE = YES_ERROR;
				GCC_WARN_UNDECLARED_SELECTOR = YES;
				GCC_WARN_UNINITIALIZED_AUTOS = YES_AGGRESSIVE;
				GCC_WARN_UNUSED_FUNCTION = YES;
				GCC_WARN_UNUSED_VARIABLE = YES;
				INSTALL_PATH = "/Users/zeal/Dev/C++/towermac/Towermac";
				"INSTALL_PATH[sdk=*]" = "";
				MACOSX_DEPLOYMENT_TARGET = 11.3;
				MTL_ENABLE_DEBUG_INFO = NO;
				MTL_FAST_MATH = YES;
				SDKROOT = macosx;
			};
			name = Release;
		};
		B67E86812682A21000852A8A /* Debug */ = {
			isa = XCBuildConfiguration;
			buildSettings = {
				CODE_SIGN_STYLE = Automatic;
				FRAMEWORK_SEARCH_PATHS = (
					"$(inherited)",
					"$(LOCAL_LIBRARY_DIR)/Frameworks",
					"$(USER_LIBRARY_DIR)/Frameworks",
				);
				LIBRARY_SEARCH_PATHS = (
					"$(inherited)",
					"$(USER_LIBRARY_DIR)/Frameworks/SDL2_image.framework/Versions/A",
				);
				MACOSX_DEPLOYMENT_TARGET = 10.9;
				PRODUCT_NAME = "$(TARGET_NAME)";
				"WARNING_CFLAGS[arch=*]" = "-Wno-quoted-include-in-framework-header";
			};
			name = Debug;
		};
		B67E86822682A21000852A8A /* Release */ = {
			isa = XCBuildConfiguration;
			buildSettings = {
				CODE_SIGN_STYLE = Automatic;
				FRAMEWORK_SEARCH_PATHS = (
					"$(inherited)",
					"$(LOCAL_LIBRARY_DIR)/Frameworks",
					"$(USER_LIBRARY_DIR)/Frameworks",
				);
				LIBRARY_SEARCH_PATHS = (
					"$(inherited)",
					"$(USER_LIBRARY_DIR)/Frameworks/SDL2_image.framework/Versions/A",
				);
				MACOSX_DEPLOYMENT_TARGET = 10.9;
				PRODUCT_NAME = "$(TARGET_NAME)";
			};
			name = Release;
		};
/* End XCBuildConfiguration section */

/* Begin XCConfigurationList section */
		B67E86742682A21000852A8A /* Build configuration list for PBXProject "TowerMac" */ = {
			isa = XCConfigurationList;
			buildConfigurations = (
				B67E867E2682A21000852A8A /* Debug */,
				B67E867F2682A21000852A8A /* Release */,
			);
			defaultConfigurationIsVisible = 0;
			defaultConfigurationName = Release;
		};
		B67E86802682A21000852A8A /* Build configuration list for PBXNativeTarget "TowerMac" */ = {
			isa = XCConfigurationList;
			buildConfigurations = (
				B67E86812682A21000852A8A /* Debug */,
				B67E86822682A21000852A8A /* Release */,
			);
			defaultConfigurationIsVisible = 0;
			defaultConfigurationName = Release;
		};
/* End XCConfigurationList section */
	};
	rootObject = B67E86712682A21000852A8A /* Project object */;
}
